// !$*UTF8*$!
{
	archiveVersion = 1;
	classes = {
	};
	objectVersion = 46;
	objects = {

/* Begin PBXBuildFile section */
		75E26C981D8CB94B00950A18 /* AppDelegate.swift in Sources */ = {isa = PBXBuildFile; fileRef = 75E26C971D8CB94B00950A18 /* AppDelegate.swift */; };
		75E26C9D1D8CB94B00950A18 /* Main.storyboard in Resources */ = {isa = PBXBuildFile; fileRef = 75E26C9B1D8CB94B00950A18 /* Main.storyboard */; };
		75E26C9F1D8CB94B00950A18 /* Assets.xcassets in Resources */ = {isa = PBXBuildFile; fileRef = 75E26C9E1D8CB94B00950A18 /* Assets.xcassets */; };
		75E26CA21D8CB94B00950A18 /* LaunchScreen.storyboard in Resources */ = {isa = PBXBuildFile; fileRef = 75E26CA01D8CB94B00950A18 /* LaunchScreen.storyboard */; };
		75E26CAA1D8CBDD900950A18 /* PhotosViewController.swift in Sources */ = {isa = PBXBuildFile; fileRef = 75E26CA91D8CBDD900950A18 /* PhotosViewController.swift */; };
		75E26CB01D8CC66800950A18 /* File.swift in Sources */ = {isa = PBXBuildFile; fileRef = 75E26CAF1D8CC66800950A18 /* File.swift */; };
		75E26CB21D8CC87E00950A18 /* PhotoCell.swift in Sources */ = {isa = PBXBuildFile; fileRef = 75E26CB11D8CC87E00950A18 /* PhotoCell.swift */; };
		75E26CB41D8CCEC600950A18 /* PhotosDetailViewController.swift in Sources */ = {isa = PBXBuildFile; fileRef = 75E26CB31D8CCEC600950A18 /* PhotosDetailViewController.swift */; };
		75E26CB61D8CD93B00950A18 /* InfinteScroll.swift in Sources */ = {isa = PBXBuildFile; fileRef = 75E26CB51D8CD93B00950A18 /* InfinteScroll.swift */; };
		954B760ACF0727BC6742D53C /* Pods_Tumblr_Feed.framework in Frameworks */ = {isa = PBXBuildFile; fileRef = 0B09D4CF55BDCB36B392E72E /* Pods_Tumblr_Feed.framework */; };
/* End PBXBuildFile section */

/* Begin PBXFileReference section */
		0B09D4CF55BDCB36B392E72E /* Pods_Tumblr_Feed.framework */ = {isa = PBXFileReference; explicitFileType = wrapper.framework; includeInIndex = 0; path = Pods_Tumblr_Feed.framework; sourceTree = BUILT_PRODUCTS_DIR; };
		593E01CADBFD03E61B3064A2 /* Pods-Tumblr Feed.debug.xcconfig */ = {isa = PBXFileReference; includeInIndex = 1; lastKnownFileType = text.xcconfig; name = "Pods-Tumblr Feed.debug.xcconfig"; path = "Pods/Target Support Files/Pods-Tumblr Feed/Pods-Tumblr Feed.debug.xcconfig"; sourceTree = "<group>"; };
		6D6A6F0A2493A45188E0F3FD /* Pods-Tumblr Feed.release.xcconfig */ = {isa = PBXFileReference; includeInIndex = 1; lastKnownFileType = text.xcconfig; name = "Pods-Tumblr Feed.release.xcconfig"; path = "Pods/Target Support Files/Pods-Tumblr Feed/Pods-Tumblr Feed.release.xcconfig"; sourceTree = "<group>"; };
		75E26C941D8CB94B00950A18 /* Tumblr Feed.app */ = {isa = PBXFileReference; explicitFileType = wrapper.application; includeInIndex = 0; path = "Tumblr Feed.app"; sourceTree = BUILT_PRODUCTS_DIR; };
		75E26C971D8CB94B00950A18 /* AppDelegate.swift */ = {isa = PBXFileReference; lastKnownFileType = sourcecode.swift; path = AppDelegate.swift; sourceTree = "<group>"; };
		75E26C9C1D8CB94B00950A18 /* Base */ = {isa = PBXFileReference; lastKnownFileType = file.storyboard; name = Base; path = Base.lproj/Main.storyboard; sourceTree = "<group>"; };
		75E26C9E1D8CB94B00950A18 /* Assets.xcassets */ = {isa = PBXFileReference; lastKnownFileType = folder.assetcatalog; path = Assets.xcassets; sourceTree = "<group>"; };
		75E26CA11D8CB94B00950A18 /* Base */ = {isa = PBXFileReference; lastKnownFileType = file.storyboard; name = Base; path = Base.lproj/LaunchScreen.storyboard; sourceTree = "<group>"; };
		75E26CA31D8CB94B00950A18 /* Info.plist */ = {isa = PBXFileReference; lastKnownFileType = text.plist.xml; path = Info.plist; sourceTree = "<group>"; };
		75E26CA91D8CBDD900950A18 /* PhotosViewController.swift */ = {isa = PBXFileReference; fileEncoding = 4; lastKnownFileType = sourcecode.swift; path = PhotosViewController.swift; sourceTree = "<group>"; };
		75E26CAF1D8CC66800950A18 /* File.swift */ = {isa = PBXFileReference; fileEncoding = 4; lastKnownFileType = sourcecode.swift; path = File.swift; sourceTree = "<group>"; };
		75E26CB11D8CC87E00950A18 /* PhotoCell.swift */ = {isa = PBXFileReference; fileEncoding = 4; lastKnownFileType = sourcecode.swift; path = PhotoCell.swift; sourceTree = "<group>"; };
		75E26CB31D8CCEC600950A18 /* PhotosDetailViewController.swift */ = {isa = PBXFileReference; fileEncoding = 4; lastKnownFileType = sourcecode.swift; path = PhotosDetailViewController.swift; sourceTree = "<group>"; };
		75E26CB51D8CD93B00950A18 /* InfinteScroll.swift */ = {isa = PBXFileReference; fileEncoding = 4; lastKnownFileType = sourcecode.swift; path = InfinteScroll.swift; sourceTree = "<group>"; };
/* End PBXFileReference section */

/* Begin PBXFrameworksBuildPhase section */
		75E26C911D8CB94B00950A18 /* Frameworks */ = {
			isa = PBXFrameworksBuildPhase;
			buildActionMask = 2147483647;
			files = (
				954B760ACF0727BC6742D53C /* Pods_Tumblr_Feed.framework in Frameworks */,
			);
			runOnlyForDeploymentPostprocessing = 0;
		};
/* End PBXFrameworksBuildPhase section */

/* Begin PBXGroup section */
		4AB09B7458DB0A4A142D3CB2 /* Pods */ = {
			isa = PBXGroup;
			children = (
				593E01CADBFD03E61B3064A2 /* Pods-Tumblr Feed.debug.xcconfig */,
				6D6A6F0A2493A45188E0F3FD /* Pods-Tumblr Feed.release.xcconfig */,
			);
			name = Pods;
			sourceTree = "<group>";
		};
		4DEC2772B57A2F794F7A7F81 /* Frameworks */ = {
			isa = PBXGroup;
			children = (
				0B09D4CF55BDCB36B392E72E /* Pods_Tumblr_Feed.framework */,
			);
			name = Frameworks;
			sourceTree = "<group>";
		};
		75E26C8B1D8CB94B00950A18 = {
			isa = PBXGroup;
			children = (
				75E26CAF1D8CC66800950A18 /* File.swift */,
				75E26C961D8CB94B00950A18 /* Tumblr Feed */,
				75E26C951D8CB94B00950A18 /* Products */,
				4AB09B7458DB0A4A142D3CB2 /* Pods */,
				4DEC2772B57A2F794F7A7F81 /* Frameworks */,
			);
			sourceTree = "<group>";
		};
		75E26C951D8CB94B00950A18 /* Products */ = {
			isa = PBXGroup;
			children = (
				75E26C941D8CB94B00950A18 /* Tumblr Feed.app */,
			);
			name = Products;
			sourceTree = "<group>";
		};
		75E26C961D8CB94B00950A18 /* Tumblr Feed */ = {
			isa = PBXGroup;
			children = (
				75E26C971D8CB94B00950A18 /* AppDelegate.swift */,
				75E26CA91D8CBDD900950A18 /* PhotosViewController.swift */,
				75E26CB51D8CD93B00950A18 /* InfinteScroll.swift */,
				75E26C9B1D8CB94B00950A18 /* Main.storyboard */,
				75E26CB31D8CCEC600950A18 /* PhotosDetailViewController.swift */,
				75E26CB11D8CC87E00950A18 /* PhotoCell.swift */,
				75E26C9E1D8CB94B00950A18 /* Assets.xcassets */,
				75E26CA01D8CB94B00950A18 /* LaunchScreen.storyboard */,
				75E26CA31D8CB94B00950A18 /* Info.plist */,
			);
			path = "Tumblr Feed";
			sourceTree = "<group>";
		};
/* End PBXGroup section */

/* Begin PBXNativeTarget section */
		75E26C931D8CB94B00950A18 /* Tumblr Feed */ = {
			isa = PBXNativeTarget;
			buildConfigurationList = 75E26CA61D8CB94B00950A18 /* Build configuration list for PBXNativeTarget "Tumblr Feed" */;
			buildPhases = (
				F16C65494581D3A52957AAF3 /* [CP] Check Pods Manifest.lock */,
				75E26C901D8CB94B00950A18 /* Sources */,
				75E26C911D8CB94B00950A18 /* Frameworks */,
				75E26C921D8CB94B00950A18 /* Resources */,
				A4E06D7D926202D7128FBADB /* [CP] Embed Pods Frameworks */,
				CAB60EF5BFD20F95793B7E3D /* [CP] Copy Pods Resources */,
			);
			buildRules = (
			);
			dependencies = (
			);
			name = "Tumblr Feed";
			productName = "Tumblr Feed";
			productReference = 75E26C941D8CB94B00950A18 /* Tumblr Feed.app */;
			productType = "com.apple.product-type.application";
		};
/* End PBXNativeTarget section */

/* Begin PBXProject section */
		75E26C8C1D8CB94B00950A18 /* Project object */ = {
			isa = PBXProject;
			attributes = {
				LastSwiftUpdateCheck = 0730;
				LastUpgradeCheck = 0730;
				ORGANIZATIONNAME = "Ashish Keshan";
				TargetAttributes = {
					75E26C931D8CB94B00950A18 = {
						CreatedOnToolsVersion = 7.3.1;
					};
				};
			};
			buildConfigurationList = 75E26C8F1D8CB94B00950A18 /* Build configuration list for PBXProject "Tumblr Feed" */;
			compatibilityVersion = "Xcode 3.2";
			developmentRegion = English;
			hasScannedForEncodings = 0;
			knownRegions = (
				en,
				Base,
			);
			mainGroup = 75E26C8B1D8CB94B00950A18;
			productRefGroup = 75E26C951D8CB94B00950A18 /* Products */;
			projectDirPath = "";
			projectRoot = "";
			targets = (
				75E26C931D8CB94B00950A18 /* Tumblr Feed */,
			);
		};
/* End PBXProject section */

/* Begin PBXResourcesBuildPhase section */
		75E26C921D8CB94B00950A18 /* Resources */ = {
			isa = PBXResourcesBuildPhase;
			buildActionMask = 2147483647;
			files = (
				75E26CA21D8CB94B00950A18 /* LaunchScreen.storyboard in Resources */,
				75E26C9F1D8CB94B00950A18 /* Assets.xcassets in Resources */,
				75E26C9D1D8CB94B00950A18 /* Main.storyboard in Resources */,
			);
			runOnlyForDeploymentPostprocessing = 0;
		};
/* End PBXResourcesBuildPhase section */

/* Begin PBXShellScriptBuildPhase section */
		A4E06D7D926202D7128FBADB /* [CP] Embed Pods Frameworks */ = {
			isa = PBXShellScriptBuildPhase;
			buildActionMask = 2147483647;
			files = (
			);
			inputPaths = (
			);
			name = "[CP] Embed Pods Frameworks";
			outputPaths = (
			);
			runOnlyForDeploymentPostprocessing = 0;
			shellPath = /bin/sh;
			shellScript = "\"${SRCROOT}/Pods/Target Support Files/Pods-Tumblr Feed/Pods-Tumblr Feed-frameworks.sh\"\n";
			showEnvVarsInLog = 0;
		};
		CAB60EF5BFD20F95793B7E3D /* [CP] Copy Pods Resources */ = {
			isa = PBXShellScriptBuildPhase;
			buildActionMask = 2147483647;
			files = (
			);
			inputPaths = (
			);
			name = "[CP] Copy Pods Resources";
			outputPaths = (
			);
			runOnlyForDeploymentPostprocessing = 0;
			shellPath = /bin/sh;
			shellScript = "\"${SRCROOT}/Pods/Target Support Files/Pods-Tumblr Feed/Pods-Tumblr Feed-resources.sh\"\n";
			showEnvVarsInLog = 0;
		};
		F16C65494581D3A52957AAF3 /* [CP] Check Pods Manifest.lock */ = {
			isa = PBXShellScriptBuildPhase;
			buildActionMask = 2147483647;
			files = (
			);
			inputPaths = (
			);
			name = "[CP] Check Pods Manifest.lock";
			outputPaths = (
			);
			runOnlyForDeploymentPostprocessing = 0;
			shellPath = /bin/sh;
			shellScript = "diff \"${PODS_ROOT}/../Podfile.lock\" \"${PODS_ROOT}/Manifest.lock\" > /dev/null\nif [[ $? != 0 ]] ; then\n    cat << EOM\nerror: The sandbox is not in sync with the Podfile.lock. Run 'pod install' or update your CocoaPods installation.\nEOM\n    exit 1\nfi\n";
			showEnvVarsInLog = 0;
		};
/* End PBXShellScriptBuildPhase section */

/* Begin PBXSourcesBuildPhase section */
		75E26C901D8CB94B00950A18 /* Sources */ = {
			isa = PBXSourcesBuildPhase;
			buildActionMask = 2147483647;
			files = (
				75E26CB21D8CC87E00950A18 /* PhotoCell.swift in Sources */,
				75E26CB61D8CD93B00950A18 /* InfinteScroll.swift in Sources */,
				75E26C981D8CB94B00950A18 /* AppDelegate.swift in Sources */,
				75E26CB41D8CCEC600950A18 /* PhotosDetailViewController.swift in Sources */,
				75E26CB01D8CC66800950A18 /* File.swift in Sources */,
				75E26CAA1D8CBDD900950A18 /* PhotosViewController.swift in Sources */,
			);
			runOnlyForDeploymentPostprocessing = 0;
		};
/* End PBXSourcesBuildPhase section */

/* Begin PBXVariantGroup section */
		75E26C9B1D8CB94B00950A18 /* Main.storyboard */ = {
			isa = PBXVariantGroup;
			children = (
				75E26C9C1D8CB94B00950A18 /* Base */,
			);
			name = Main.storyboard;
			sourceTree = "<group>";
		};
		75E26CA01D8CB94B00950A18 /* LaunchScreen.storyboard */ = {
			isa = PBXVariantGroup;
			children = (
				75E26CA11D8CB94B00950A18 /* Base */,
			);
			name = LaunchScreen.storyboard;
			sourceTree = "<group>";
		};
/* End PBXVariantGroup section */

/* Begin XCBuildConfiguration section */
		75E26CA41D8CB94B00950A18 /* Debug */ = {
			isa = XCBuildConfiguration;
			buildSettings = {
				ALWAYS_SEARCH_USER_PATHS = NO;
				CLANG_ANALYZER_NONNULL = YES;
				CLANG_CXX_LANGUAGE_STANDARD = "gnu++0x";
				CLANG_CXX_LIBRARY = "libc++";
				CLANG_ENABLE_MODULES = YES;
				CLANG_ENABLE_OBJC_ARC = YES;
				CLANG_WARN_BOOL_CONVERSION = YES;
				CLANG_WARN_CONSTANT_CONVERSION = YES;
				CLANG_WARN_DIRECT_OBJC_ISA_USAGE = YES_ERROR;
				CLANG_WARN_EMPTY_BODY = YES;
				CLANG_WARN_ENUM_CONVERSION = YES;
				CLANG_WARN_INT_CONVERSION = YES;
				CLANG_WARN_OBJC_ROOT_CLASS = YES_ERROR;
				CLANG_WARN_UNREACHABLE_CODE = YES;
				CLANG_WARN__DUPLICATE_METHOD_MATCH = YES;
				"CODE_SIGN_IDENTITY[sdk=iphoneos*]" = "iPhone Developer";
				COPY_PHASE_STRIP = NO;
				DEBUG_INFORMATION_FORMAT = dwarf;
				ENABLE_STRICT_OBJC_MSGSEND = YES;
				ENABLE_TESTABILITY = YES;
				GCC_C_LANGUAGE_STANDARD = gnu99;
				GCC_DYNAMIC_NO_PIC = NO;
				GCC_NO_COMMON_BLOCKS = YES;
				GCC_OPTIMIZATION_LEVEL = 0;
				GCC_PREPROCESSOR_DEFINITIONS = (
					"DEBUG=1",
					"$(inherited)",
				);
				GCC_WARN_64_TO_32_BIT_CONVERSION = YES;
				GCC_WARN_ABOUT_RETURN_TYPE = YES_ERROR;
				GCC_WARN_UNDECLARED_SELECTOR = YES;
				GCC_WARN_UNINITIALIZED_AUTOS = YES_AGGRESSIVE;
				GCC_WARN_UNUSED_FUNCTION = YES;
				GCC_WARN_UNUSED_VARIABLE = YES;
				IPHONEOS_DEPLOYMENT_TARGET = 9.3;
				MTL_ENABLE_DEBUG_INFO = YES;
				ONLY_ACTIVE_ARCH = YES;
				SDKROOT = iphoneos;
				SWIFT_OPTIMIZATION_LEVEL = "-Onone";
			};
			name = Debug;
		};
		75E26CA51D8CB94B00950A18 /* Release */ = {
			isa = XCBuildConfiguration;
			buildSettings = {
				ALWAYS_SEARCH_USER_PATHS = NO;
				CLANG_ANALYZER_NONNULL = YES;
				CLANG_CXX_LANGUAGE_STANDARD = "gnu++0x";
				CLANG_CXX_LIBRARY = "libc++";
				CLANG_ENABLE_MODULES = YES;
				CLANG_ENABLE_OBJC_ARC = YES;
				CLANG_WARN_BOOL_CONVERSION = YES;
				CLANG_WARN_CONSTANT_CONVERSION = YES;
				CLANG_WARN_DIRECT_OBJC_ISA_USAGE = YES_ERROR;
				CLANG_WARN_EMPTY_BODY = YES;
				CLANG_WARN_ENUM_CONVERSION = YES;
				CLANG_WARN_INT_CONVERSION = YES;
				CLANG_WARN_OBJC_ROOT_CLASS = YES_ERROR;
				CLANG_WARN_UNREACHABLE_CODE = YES;
				CLANG_WARN__DUPLICATE_METHOD_MATCH = YES;
				"CODE_SIGN_IDENTITY[sdk=iphoneos*]" = "iPhone Developer";
				COPY_PHASE_STRIP = NO;
				DEBUG_INFORMATION_FORMAT = "dwarf-with-dsym";
				ENABLE_NS_ASSERTIONS = NO;
				ENABLE_STRICT_OBJC_MSGSEND = YES;
				GCC_C_LANGUAGE_STANDARD = gnu99;
				GCC_NO_COMMON_BLOCKS = YES;
				GCC_WARN_64_TO_32_BIT_CONVERSION = YES;
				GCC_WARN_ABOUT_RETURN_TYPE = YES_ERROR;
				GCC_WARN_UNDECLARED_SELECTOR = YES;
				GCC_WARN_UNINITIALIZED_AUTOS = YES_AGGRESSIVE;
				GCC_WARN_UNUSED_FUNCTION = YES;
				GCC_WARN_UNUSED_VARIABLE = YES;
				IPHONEOS_DEPLOYMENT_TARGET = 9.3;
				MTL_ENABLE_DEBUG_INFO = NO;
				SDKROOT = iphoneos;
				VALIDATE_PRODUCT = YES;
			};
			name = Release;
		};
		75E26CA71D8CB94B00950A18 /* Debug */ = {
			isa = XCBuildConfiguration;
			baseConfigurationReference = 593E01CADBFD03E61B3064A2 /* Pods-Tumblr Feed.debug.xcconfig */;
			buildSettings = {
				ASSETCATALOG_COMPILER_APPICON_NAME = AppIcon;
				INFOPLIST_FILE = "Tumblr Feed/Info.plist";
				LD_RUNPATH_SEARCH_PATHS = "$(inherited) @executable_path/Frameworks";
				PRODUCT_BUNDLE_IDENTIFIER = "com.ashishkeshan.Tumblr-Feed";
				PRODUCT_NAME = "$(TARGET_NAME)";
			};
			name = Debug;
		};
		75E26CA81D8CB94B00950A18 /* Release */ = {
			isa = XCBuildConfiguration;
			baseConfigurationReference = 6D6A6F0A2493A45188E0F3FD /* Pods-Tumblr Feed.release.xcconfig */;
			buildSettings = {
				ASSETCATALOG_COMPILER_APPICON_NAME = AppIcon;
				INFOPLIST_FILE = "Tumblr Feed/Info.plist";
				LD_RUNPATH_SEARCH_PATHS = "$(inherited) @executable_path/Frameworks";
				PRODUCT_BUNDLE_IDENTIFIER = "com.ashishkeshan.Tumblr-Feed";
				PRODUCT_NAME = "$(TARGET_NAME)";
			};
			name = Release;
		};
/* End XCBuildConfiguration section */

/* Begin XCConfigurationList section */
		75E26C8F1D8CB94B00950A18 /* Build configuration list for PBXProject "Tumblr Feed" */ = {
			isa = XCConfigurationList;
			buildConfigurations = (
				75E26CA41D8CB94B00950A18 /* Debug */,
				75E26CA51D8CB94B00950A18 /* Release */,
			);
			defaultConfigurationIsVisible = 0;
			defaultConfigurationName = Release;
		};
		75E26CA61D8CB94B00950A18 /* Build configuration list for PBXNativeTarget "Tumblr Feed" */ = {
			isa = XCConfigurationList;
			buildConfigurations = (
				75E26CA71D8CB94B00950A18 /* Debug */,
				75E26CA81D8CB94B00950A18 /* Release */,
			);
			defaultConfigurationIsVisible = 0;
			defaultConfigurationName = Release;
		};
/* End XCConfigurationList section */
	};
	rootObject = 75E26C8C1D8CB94B00950A18 /* Project object */;
}
